// !$*UTF8*$!
{
	archiveVersion = 1;
	classes = {
	};
	objectVersion = 77;
	objects = {

/* Begin PBXBuildFile section */
		F63CDE212D1D582200550462 /* Preview Assets.xcassets in Resources */ = {isa = PBXBuildFile; fileRef = F63CDE1B2D1D582200550462 /* Preview Assets.xcassets */; };
		F63CDE222D1D582200550462 /* Assets.xcassets in Resources */ = {isa = PBXBuildFile; fileRef = F63CDE1D2D1D582200550462 /* Assets.xcassets */; };
		F63CDE232D1D582200550462 /* ContentView.swift in Sources */ = {isa = PBXBuildFile; fileRef = F63CDE1E2D1D582200550462 /* ContentView.swift */; };
		F63CDE242D1D582200550462 /* GarasportApp.swift in Sources */ = {isa = PBXBuildFile; fileRef = F63CDE1F2D1D582200550462 /* GarasportApp.swift */; };
		F63CDE552D1D5D5400550462 /* OnboardingViewGarasport.swift in Sources */ = {isa = PBXBuildFile; fileRef = F63CDE492D1D5D5400550462 /* OnboardingViewGarasport.swift */; };
		F63CDE562D1D5D5400550462 /* QuotesViewGarasport.swift in Sources */ = {isa = PBXBuildFile; fileRef = F63CDE4A2D1D5D5400550462 /* QuotesViewGarasport.swift */; };
		F63CDE572D1D5D5400550462 /* TrainingViewGarasport.swift in Sources */ = {isa = PBXBuildFile; fileRef = F63CDE512D1D5D5400550462 /* TrainingViewGarasport.swift */; };
		F63CDE582D1D5D5400550462 /* HomeViewGarasport.swift in Sources */ = {isa = PBXBuildFile; fileRef = F63CDE542D1D5D5400550462 /* HomeViewGarasport.swift */; };
		F63CDE592D1D5D5400550462 /* DopomogaGarasport.swift in Sources */ = {isa = PBXBuildFile; fileRef = F63CDE4B2D1D5D5400550462 /* DopomogaGarasport.swift */; };
		F63CDE5A2D1D5D5400550462 /* DayliStrerchViewGarasport.swift in Sources */ = {isa = PBXBuildFile; fileRef = F63CDE4C2D1D5D5400550462 /* DayliStrerchViewGarasport.swift */; };
		F63CDE5B2D1D5D5400550462 /* KcalViewGarasport.swift in Sources */ = {isa = PBXBuildFile; fileRef = F63CDE4D2D1D5D5400550462 /* KcalViewGarasport.swift */; };
		F63CDE5C2D1D5D5400550462 /* ProfileViewGarasport.swift in Sources */ = {isa = PBXBuildFile; fileRef = F63CDE4F2D1D5D5400550462 /* ProfileViewGarasport.swift */; };
		F63CDE5D2D1D5D5400550462 /* ImagePickerGarasport.swift in Sources */ = {isa = PBXBuildFile; fileRef = F63CDE4E2D1D5D5400550462 /* ImagePickerGarasport.swift */; };
		F63CDE5E2D1D5D5400550462 /* WebView.swift in Sources */ = {isa = PBXBuildFile; fileRef = F63CDE472D1D5D5400550462 /* WebView.swift */; };
		F63CDE5F2D1D5D5400550462 /* PrivacyViewGS.swift in Sources */ = {isa = PBXBuildFile; fileRef = F63CDE462D1D5D5400550462 /* PrivacyViewGS.swift */; };
		F63CDE602D1D5D5400550462 /* LoadingViewGS.swift in Sources */ = {isa = PBXBuildFile; fileRef = F63CDE442D1D5D5400550462 /* LoadingViewGS.swift */; };
		F63CDE612D1D5D5400550462 /* sport.xcassets in Resources */ = {isa = PBXBuildFile; fileRef = F63CDE522D1D5D5400550462 /* sport.xcassets */; };
		F63CDE622D1D5D5400550462 /* privacy.html in Resources */ = {isa = PBXBuildFile; fileRef = F63CDE452D1D5D5400550462 /* privacy.html */; };
/* End PBXBuildFile section */

/* Begin PBXFileReference section */
		F63CDE0A2D1D581D00550462 /* Garasport.app */ = {isa = PBXFileReference; explicitFileType = wrapper.application; includeInIndex = 0; path = Garasport.app; sourceTree = BUILT_PRODUCTS_DIR; };
		F63CDE1B2D1D582200550462 /* Preview Assets.xcassets */ = {isa = PBXFileReference; lastKnownFileType = folder.assetcatalog; path = "Preview Assets.xcassets"; sourceTree = "<group>"; };
		F63CDE1D2D1D582200550462 /* Assets.xcassets */ = {isa = PBXFileReference; lastKnownFileType = folder.assetcatalog; path = Assets.xcassets; sourceTree = "<group>"; };
		F63CDE1E2D1D582200550462 /* ContentView.swift */ = {isa = PBXFileReference; lastKnownFileType = sourcecode.swift; path = ContentView.swift; sourceTree = "<group>"; };
		F63CDE1F2D1D582200550462 /* GarasportApp.swift */ = {isa = PBXFileReference; lastKnownFileType = sourcecode.swift; path = GarasportApp.swift; sourceTree = "<group>"; };
		F63CDE442D1D5D5400550462 /* LoadingViewGS.swift */ = {isa = PBXFileReference; lastKnownFileType = sourcecode.swift; path = LoadingViewGS.swift; sourceTree = "<group>"; };
		F63CDE452D1D5D5400550462 /* privacy.html */ = {isa = PBXFileReference; lastKnownFileType = text.html; path = privacy.html; sourceTree = "<group>"; };
		F63CDE462D1D5D5400550462 /* PrivacyViewGS.swift */ = {isa = PBXFileReference; lastKnownFileType = sourcecode.swift; path = PrivacyViewGS.swift; sourceTree = "<group>"; };
		F63CDE472D1D5D5400550462 /* WebView.swift */ = {isa = PBXFileReference; lastKnownFileType = sourcecode.swift; path = WebView.swift; sourceTree = "<group>"; };
		F63CDE492D1D5D5400550462 /* OnboardingViewGarasport.swift */ = {isa = PBXFileReference; lastKnownFileType = sourcecode.swift; path = OnboardingViewGarasport.swift; sourceTree = "<group>"; };
		F63CDE4A2D1D5D5400550462 /* QuotesViewGarasport.swift */ = {isa = PBXFileReference; lastKnownFileType = sourcecode.swift; path = QuotesViewGarasport.swift; sourceTree = "<group>"; };
		F63CDE4B2D1D5D5400550462 /* DopomogaGarasport.swift */ = {isa = PBXFileReference; lastKnownFileType = sourcecode.swift; path = DopomogaGarasport.swift; sourceTree = "<group>"; };
		F63CDE4C2D1D5D5400550462 /* DayliStrerchViewGarasport.swift */ = {isa = PBXFileReference; lastKnownFileType = sourcecode.swift; path = DayliStrerchViewGarasport.swift; sourceTree = "<group>"; };
		F63CDE4D2D1D5D5400550462 /* KcalViewGarasport.swift */ = {isa = PBXFileReference; lastKnownFileType = sourcecode.swift; path = KcalViewGarasport.swift; sourceTree = "<group>"; };
		F63CDE4E2D1D5D5400550462 /* ImagePickerGarasport.swift */ = {isa = PBXFileReference; lastKnownFileType = sourcecode.swift; path = ImagePickerGarasport.swift; sourceTree = "<group>"; };
		F63CDE4F2D1D5D5400550462 /* ProfileViewGarasport.swift */ = {isa = PBXFileReference; lastKnownFileType = sourcecode.swift; path = ProfileViewGarasport.swift; sourceTree = "<group>"; };
		F63CDE512D1D5D5400550462 /* TrainingViewGarasport.swift */ = {isa = PBXFileReference; lastKnownFileType = sourcecode.swift; path = TrainingViewGarasport.swift; sourceTree = "<group>"; };
		F63CDE522D1D5D5400550462 /* sport.xcassets */ = {isa = PBXFileReference; lastKnownFileType = folder.assetcatalog; path = sport.xcassets; sourceTree = "<group>"; };
		F63CDE542D1D5D5400550462 /* HomeViewGarasport.swift */ = {isa = PBXFileReference; lastKnownFileType = sourcecode.swift; path = HomeViewGarasport.swift; sourceTree = "<group>"; };
/* End PBXFileReference section */

/* Begin PBXFrameworksBuildPhase section */
		F63CDE072D1D581D00550462 /* Frameworks */ = {
			isa = PBXFrameworksBuildPhase;
			buildActionMask = 2147483647;
			files = (
			);
			runOnlyForDeploymentPostprocessing = 0;
		};
/* End PBXFrameworksBuildPhase section */

/* Begin PBXGroup section */
		F63CDE012D1D581D00550462 = {
			isa = PBXGroup;
			children = (
				F63CDE202D1D582200550462 /* Garasport */,
				F63CDE0B2D1D581D00550462 /* Products */,
			);
			sourceTree = "<group>";
		};
		F63CDE0B2D1D581D00550462 /* Products */ = {
			isa = PBXGroup;
			children = (
				F63CDE0A2D1D581D00550462 /* Garasport.app */,
			);
			name = Products;
			sourceTree = "<group>";
		};
		F63CDE1C2D1D582200550462 /* Preview Content */ = {
			isa = PBXGroup;
			children = (
				F63CDE1B2D1D582200550462 /* Preview Assets.xcassets */,
			);
			path = "Preview Content";
			sourceTree = "<group>";
		};
		F63CDE202D1D582200550462 /* Garasport */ = {
			isa = PBXGroup;
			children = (
				F63CDE1F2D1D582200550462 /* GarasportApp.swift */,
				F63CDE1E2D1D582200550462 /* ContentView.swift */,
				F63CDE482D1D5D5400550462 /* LoadingGarasport */,
				F63CDE492D1D5D5400550462 /* OnboardingViewGarasport.swift */,
				F63CDE4A2D1D5D5400550462 /* QuotesViewGarasport.swift */,
				F63CDE4B2D1D5D5400550462 /* DopomogaGarasport.swift */,
				F63CDE4C2D1D5D5400550462 /* DayliStrerchViewGarasport.swift */,
				F63CDE4D2D1D5D5400550462 /* KcalViewGarasport.swift */,
				F63CDE502D1D5D5400550462 /* ProfileGarasport */,
				F63CDE532D1D5D5400550462 /* TreshaGarasport */,
				F63CDE542D1D5D5400550462 /* HomeViewGarasport.swift */,
				F63CDE1D2D1D582200550462 /* Assets.xcassets */,
				F63CDE1C2D1D582200550462 /* Preview Content */,
			);
			path = Garasport;
			sourceTree = "<group>";
		};
		F63CDE482D1D5D5400550462 /* LoadingGarasport */ = {
			isa = PBXGroup;
			children = (
				F63CDE442D1D5D5400550462 /* LoadingViewGS.swift */,
				F63CDE452D1D5D5400550462 /* privacy.html */,
				F63CDE462D1D5D5400550462 /* PrivacyViewGS.swift */,
				F63CDE472D1D5D5400550462 /* WebView.swift */,
			);
			path = LoadingGarasport;
			sourceTree = "<group>";
		};
		F63CDE502D1D5D5400550462 /* ProfileGarasport */ = {
			isa = PBXGroup;
			children = (
				F63CDE4E2D1D5D5400550462 /* ImagePickerGarasport.swift */,
				F63CDE4F2D1D5D5400550462 /* ProfileViewGarasport.swift */,
			);
			path = ProfileGarasport;
			sourceTree = "<group>";
		};
		F63CDE532D1D5D5400550462 /* TreshaGarasport */ = {
			isa = PBXGroup;
			children = (
				F63CDE512D1D5D5400550462 /* TrainingViewGarasport.swift */,
				F63CDE522D1D5D5400550462 /* sport.xcassets */,
			);
			path = TreshaGarasport;
			sourceTree = "<group>";
		};
/* End PBXGroup section */

/* Begin PBXNativeTarget section */
		F63CDE092D1D581D00550462 /* Garasport */ = {
			isa = PBXNativeTarget;
			buildConfigurationList = F63CDE182D1D581E00550462 /* Build configuration list for PBXNativeTarget "Garasport" */;
			buildPhases = (
				F63CDE062D1D581D00550462 /* Sources */,
				F63CDE072D1D581D00550462 /* Frameworks */,
				F63CDE082D1D581D00550462 /* Resources */,
			);
			buildRules = (
			);
			dependencies = (
			);
			name = Garasport;
			packageProductDependencies = (
			);
			productName = Garasport;
			productReference = F63CDE0A2D1D581D00550462 /* Garasport.app */;
			productType = "com.apple.product-type.application";
		};
/* End PBXNativeTarget section */

/* Begin PBXProject section */
		F63CDE022D1D581D00550462 /* Project object */ = {
			isa = PBXProject;
			attributes = {
				BuildIndependentTargetsInParallel = 1;
				LastSwiftUpdateCheck = 1600;
				LastUpgradeCheck = 1600;
				TargetAttributes = {
					F63CDE092D1D581D00550462 = {
						CreatedOnToolsVersion = 16.0;
					};
				};
			};
			buildConfigurationList = F63CDE052D1D581D00550462 /* Build configuration list for PBXProject "Garasport" */;
			developmentRegion = en;
			hasScannedForEncodings = 0;
			knownRegions = (
				en,
				Base,
			);
			mainGroup = F63CDE012D1D581D00550462;
			minimizedProjectReferenceProxies = 1;
			preferredProjectObjectVersion = 77;
			productRefGroup = F63CDE0B2D1D581D00550462 /* Products */;
			projectDirPath = "";
			projectRoot = "";
			targets = (
				F63CDE092D1D581D00550462 /* Garasport */,
			);
		};
/* End PBXProject section */

/* Begin PBXResourcesBuildPhase section */
		F63CDE082D1D581D00550462 /* Resources */ = {
			isa = PBXResourcesBuildPhase;
			buildActionMask = 2147483647;
			files = (
				F63CDE212D1D582200550462 /* Preview Assets.xcassets in Resources */,
				F63CDE612D1D5D5400550462 /* sport.xcassets in Resources */,
				F63CDE622D1D5D5400550462 /* privacy.html in Resources */,
				F63CDE222D1D582200550462 /* Assets.xcassets in Resources */,
			);
			runOnlyForDeploymentPostprocessing = 0;
		};
/* End PBXResourcesBuildPhase section */

/* Begin PBXSourcesBuildPhase section */
		F63CDE062D1D581D00550462 /* Sources */ = {
			isa = PBXSourcesBuildPhase;
			buildActionMask = 2147483647;
			files = (
				F63CDE232D1D582200550462 /* ContentView.swift in Sources */,
				F63CDE242D1D582200550462 /* GarasportApp.swift in Sources */,
				F63CDE552D1D5D5400550462 /* OnboardingViewGarasport.swift in Sources */,
				F63CDE562D1D5D5400550462 /* QuotesViewGarasport.swift in Sources */,
				F63CDE572D1D5D5400550462 /* TrainingViewGarasport.swift in Sources */,
				F63CDE582D1D5D5400550462 /* HomeViewGarasport.swift in Sources */,
				F63CDE592D1D5D5400550462 /* DopomogaGarasport.swift in Sources */,
				F63CDE5A2D1D5D5400550462 /* DayliStrerchViewGarasport.swift in Sources */,
				F63CDE5B2D1D5D5400550462 /* KcalViewGarasport.swift in Sources */,
				F63CDE5C2D1D5D5400550462 /* ProfileViewGarasport.swift in Sources */,
				F63CDE5D2D1D5D5400550462 /* ImagePickerGarasport.swift in Sources */,
				F63CDE5E2D1D5D5400550462 /* WebView.swift in Sources */,
				F63CDE5F2D1D5D5400550462 /* PrivacyViewGS.swift in Sources */,
				F63CDE602D1D5D5400550462 /* LoadingViewGS.swift in Sources */,
			);
			runOnlyForDeploymentPostprocessing = 0;
		};
/* End PBXSourcesBuildPhase section */

/* Begin XCBuildConfiguration section */
		F63CDE162D1D581E00550462 /* Debug */ = {
			isa = XCBuildConfiguration;
			buildSettings = {
				ALWAYS_SEARCH_USER_PATHS = NO;
				ASSETCATALOG_COMPILER_GENERATE_SWIFT_ASSET_SYMBOL_EXTENSIONS = YES;
				CLANG_ANALYZER_NONNULL = YES;
				CLANG_ANALYZER_NUMBER_OBJECT_CONVERSION = YES_AGGRESSIVE;
				CLANG_CXX_LANGUAGE_STANDARD = "gnu++20";
				CLANG_ENABLE_MODULES = YES;
				CLANG_ENABLE_OBJC_ARC = YES;
				CLANG_ENABLE_OBJC_WEAK = YES;
				CLANG_WARN_BLOCK_CAPTURE_AUTORELEASING = YES;
				CLANG_WARN_BOOL_CONVERSION = YES;
				CLANG_WARN_COMMA = YES;
				CLANG_WARN_CONSTANT_CONVERSION = YES;
				CLANG_WARN_DEPRECATED_OBJC_IMPLEMENTATIONS = YES;
				CLANG_WARN_DIRECT_OBJC_ISA_USAGE = YES_ERROR;
				CLANG_WARN_DOCUMENTATION_COMMENTS = YES;
				CLANG_WARN_EMPTY_BODY = YES;
				CLANG_WARN_ENUM_CONVERSION = YES;
				CLANG_WARN_INFINITE_RECURSION = YES;
				CLANG_WARN_INT_CONVERSION = YES;
				CLANG_WARN_NON_LITERAL_NULL_CONVERSION = YES;
				CLANG_WARN_OBJC_IMPLICIT_RETAIN_SELF = YES;
				CLANG_WARN_OBJC_LITERAL_CONVERSION = YES;
				CLANG_WARN_OBJC_ROOT_CLASS = YES_ERROR;
				CLANG_WARN_QUOTED_INCLUDE_IN_FRAMEWORK_HEADER = YES;
				CLANG_WARN_RANGE_LOOP_ANALYSIS = YES;
				CLANG_WARN_STRICT_PROTOTYPES = YES;
				CLANG_WARN_SUSPICIOUS_MOVE = YES;
				CLANG_WARN_UNGUARDED_AVAILABILITY = YES_AGGRESSIVE;
				CLANG_WARN_UNREACHABLE_CODE = YES;
				CLANG_WARN__DUPLICATE_METHOD_MATCH = YES;
				COPY_PHASE_STRIP = NO;
				DEBUG_INFORMATION_FORMAT = dwarf;
				ENABLE_STRICT_OBJC_MSGSEND = YES;
				ENABLE_TESTABILITY = YES;
				ENABLE_USER_SCRIPT_SANDBOXING = YES;
				GCC_C_LANGUAGE_STANDARD = gnu17;
				GCC_DYNAMIC_NO_PIC = NO;
				GCC_NO_COMMON_BLOCKS = YES;
				GCC_OPTIMIZATION_LEVEL = 0;
				GCC_PREPROCESSOR_DEFINITIONS = (
					"DEBUG=1",
					"$(inherited)",
				);
				GCC_WARN_64_TO_32_BIT_CONVERSION = YES;
				GCC_WARN_ABOUT_RETURN_TYPE = YES_ERROR;
				GCC_WARN_UNDECLARED_SELECTOR = YES;
				GCC_WARN_UNINITIALIZED_AUTOS = YES_AGGRESSIVE;
				GCC_WARN_UNUSED_FUNCTION = YES;
				GCC_WARN_UNUSED_VARIABLE = YES;
				IPHONEOS_DEPLOYMENT_TARGET = 18.0;
				LOCALIZATION_PREFERS_STRING_CATALOGS = YES;
				MTL_ENABLE_DEBUG_INFO = INCLUDE_SOURCE;
				MTL_FAST_MATH = YES;
				ONLY_ACTIVE_ARCH = YES;
				SDKROOT = iphoneos;
				SWIFT_ACTIVE_COMPILATION_CONDITIONS = "DEBUG $(inherited)";
				SWIFT_OPTIMIZATION_LEVEL = "-Onone";
			};
			name = Debug;
		};
		F63CDE172D1D581E00550462 /* Release */ = {
			isa = XCBuildConfiguration;
			buildSettings = {
				ALWAYS_SEARCH_USER_PATHS = NO;
				ASSETCATALOG_COMPILER_GENERATE_SWIFT_ASSET_SYMBOL_EXTENSIONS = YES;
				CLANG_ANALYZER_NONNULL = YES;
				CLANG_ANALYZER_NUMBER_OBJECT_CONVERSION = YES_AGGRESSIVE;
				CLANG_CXX_LANGUAGE_STANDARD = "gnu++20";
				CLANG_ENABLE_MODULES = YES;
				CLANG_ENABLE_OBJC_ARC = YES;
				CLANG_ENABLE_OBJC_WEAK = YES;
				CLANG_WARN_BLOCK_CAPTURE_AUTORELEASING = YES;
				CLANG_WARN_BOOL_CONVERSION = YES;
				CLANG_WARN_COMMA = YES;
				CLANG_WARN_CONSTANT_CONVERSION = YES;
				CLANG_WARN_DEPRECATED_OBJC_IMPLEMENTATIONS = YES;
				CLANG_WARN_DIRECT_OBJC_ISA_USAGE = YES_ERROR;
				CLANG_WARN_DOCUMENTATION_COMMENTS = YES;
				CLANG_WARN_EMPTY_BODY = YES;
				CLANG_WARN_ENUM_CONVERSION = YES;
				CLANG_WARN_INFINITE_RECURSION = YES;
				CLANG_WARN_INT_CONVERSION = YES;
				CLANG_WARN_NON_LITERAL_NULL_CONVERSION = YES;
				CLANG_WARN_OBJC_IMPLICIT_RETAIN_SELF = YES;
				CLANG_WARN_OBJC_LITERAL_CONVERSION = YES;
				CLANG_WARN_OBJC_ROOT_CLASS = YES_ERROR;
				CLANG_WARN_QUOTED_INCLUDE_IN_FRAMEWORK_HEADER = YES;
				CLANG_WARN_RANGE_LOOP_ANALYSIS = YES;
				CLANG_WARN_STRICT_PROTOTYPES = YES;
				CLANG_WARN_SUSPICIOUS_MOVE = YES;
				CLANG_WARN_UNGUARDED_AVAILABILITY = YES_AGGRESSIVE;
				CLANG_WARN_UNREACHABLE_CODE = YES;
				CLANG_WARN__DUPLICATE_METHOD_MATCH = YES;
				COPY_PHASE_STRIP = NO;
				DEBUG_INFORMATION_FORMAT = "dwarf-with-dsym";
				ENABLE_NS_ASSERTIONS = NO;
				ENABLE_STRICT_OBJC_MSGSEND = YES;
				ENABLE_USER_SCRIPT_SANDBOXING = YES;
				GCC_C_LANGUAGE_STANDARD = gnu17;
				GCC_NO_COMMON_BLOCKS = YES;
				GCC_WARN_64_TO_32_BIT_CONVERSION = YES;
				GCC_WARN_ABOUT_RETURN_TYPE = YES_ERROR;
				GCC_WARN_UNDECLARED_SELECTOR = YES;
				GCC_WARN_UNINITIALIZED_AUTOS = YES_AGGRESSIVE;
				GCC_WARN_UNUSED_FUNCTION = YES;
				GCC_WARN_UNUSED_VARIABLE = YES;
				IPHONEOS_DEPLOYMENT_TARGET = 18.0;
				LOCALIZATION_PREFERS_STRING_CATALOGS = YES;
				MTL_ENABLE_DEBUG_INFO = NO;
				MTL_FAST_MATH = YES;
				SDKROOT = iphoneos;
				SWIFT_COMPILATION_MODE = wholemodule;
				VALIDATE_PRODUCT = YES;
			};
			name = Release;
		};
		F63CDE192D1D581E00550462 /* Debug */ = {
			isa = XCBuildConfiguration;
			buildSettings = {
				ASSETCATALOG_COMPILER_APPICON_NAME = AppIcon;
				ASSETCATALOG_COMPILER_GLOBAL_ACCENT_COLOR_NAME = AccentColor;
				CODE_SIGN_STYLE = Automatic;
				CURRENT_PROJECT_VERSION = 1;
				DEVELOPMENT_ASSET_PATHS = "\"Garasport/Preview Content\"";
				DEVELOPMENT_TEAM = FWVBV65566;
				ENABLE_PREVIEWS = YES;
				GENERATE_INFOPLIST_FILE = YES;
				INFOPLIST_KEY_CFBundleDisplayName = "Gara Sport";
				INFOPLIST_KEY_NSCameraUsageDescription = "We need access to the camera to set your profile picture.";
				INFOPLIST_KEY_UIApplicationSceneManifest_Generation = YES;
				INFOPLIST_KEY_UIApplicationSupportsIndirectInputEvents = YES;
				INFOPLIST_KEY_UILaunchScreen_Generation = YES;
				INFOPLIST_KEY_UISupportedInterfaceOrientations_iPad = "UIInterfaceOrientationPortrait UIInterfaceOrientationPortraitUpsideDown UIInterfaceOrientationLandscapeLeft UIInterfaceOrientationLandscapeRight";
				INFOPLIST_KEY_UISupportedInterfaceOrientations_iPhone = "UIInterfaceOrientationPortrait UIInterfaceOrientationLandscapeLeft UIInterfaceOrientationLandscapeRight";
				IPHONEOS_DEPLOYMENT_TARGET = 16.0;
				LD_RUNPATH_SEARCH_PATHS = (
					"$(inherited)",
					"@executable_path/Frameworks",
				);
				MARKETING_VERSION = 1.0;
				PRODUCT_BUNDLE_IDENTIFIER = testleschenko;
				PRODUCT_NAME = "$(TARGET_NAME)";
				SUPPORTED_PLATFORMS = "iphoneos iphonesimulator";
				SUPPORTS_MACCATALYST = NO;
				SUPPORTS_MAC_DESIGNED_FOR_IPHONE_IPAD = NO;
				SUPPORTS_XR_DESIGNED_FOR_IPHONE_IPAD = NO;
				SWIFT_EMIT_LOC_STRINGS = YES;
				SWIFT_VERSION = 5.0;
				TARGETED_DEVICE_FAMILY = 1;
			};
			name = Debug;
		};
		F63CDE1A2D1D581E00550462 /* Release */ = {
			isa = XCBuildConfiguration;
			buildSettings = {
				ASSETCATALOG_COMPILER_APPICON_NAME = AppIcon;
				ASSETCATALOG_COMPILER_GLOBAL_ACCENT_COLOR_NAME = AccentColor;
				CODE_SIGN_STYLE = Automatic;
				CURRENT_PROJECT_VERSION = 1;
				DEVELOPMENT_ASSET_PATHS = "\"Garasport/Preview Content\"";
				DEVELOPMENT_TEAM = FWVBV65566;
				ENABLE_PREVIEWS = YES;
				GENERATE_INFOPLIST_FILE = YES;
				INFOPLIST_KEY_CFBundleDisplayName = "Gara Sport";
				INFOPLIST_KEY_NSCameraUsageDescription = "We need access to the camera to set your profile picture.";
				INFOPLIST_KEY_UIApplicationSceneManifest_Generation = YES;
				INFOPLIST_KEY_UIApplicationSupportsIndirectInputEvents = YES;
				INFOPLIST_KEY_UILaunchScreen_Generation = YES;
				INFOPLIST_KEY_UISupportedInterfaceOrientations_iPad = "UIInterfaceOrientationPortrait UIInterfaceOrientationPortraitUpsideDown UIInterfaceOrientationLandscapeLeft UIInterfaceOrientationLandscapeRight";
				INFOPLIST_KEY_UISupportedInterfaceOrientations_iPhone = "UIInterfaceOrientationPortrait UIInterfaceOrientationLandscapeLeft UIInterfaceOrientationLandscapeRight";
				IPHONEOS_DEPLOYMENT_TARGET = 16.0;
				LD_RUNPATH_SEARCH_PATHS = (
					"$(inherited)",
					"@executable_path/Frameworks",
				);
				MARKETING_VERSION = 1.0;
				PRODUCT_BUNDLE_IDENTIFIER = testleschenko;
				PRODUCT_NAME = "$(TARGET_NAME)";
				SUPPORTED_PLATFORMS = "iphoneos iphonesimulator";
				SUPPORTS_MACCATALYST = NO;
				SUPPORTS_MAC_DESIGNED_FOR_IPHONE_IPAD = NO;
				SUPPORTS_XR_DESIGNED_FOR_IPHONE_IPAD = NO;
				SWIFT_EMIT_LOC_STRINGS = YES;
				SWIFT_VERSION = 5.0;
				TARGETED_DEVICE_FAMILY = 1;
			};
			name = Release;
		};
/* End XCBuildConfiguration section */

/* Begin XCConfigurationList section */
		F63CDE052D1D581D00550462 /* Build configuration list for PBXProject "Garasport" */ = {
			isa = XCConfigurationList;
			buildConfigurations = (
				F63CDE162D1D581E00550462 /* Debug */,
				F63CDE172D1D581E00550462 /* Release */,
			);
			defaultConfigurationIsVisible = 0;
			defaultConfigurationName = Release;
		};
		F63CDE182D1D581E00550462 /* Build configuration list for PBXNativeTarget "Garasport" */ = {
			isa = XCConfigurationList;
			buildConfigurations = (
				F63CDE192D1D581E00550462 /* Debug */,
				F63CDE1A2D1D581E00550462 /* Release */,
			);
			defaultConfigurationIsVisible = 0;
			defaultConfigurationName = Release;
		};
/* End XCConfigurationList section */
	};
	rootObject = F63CDE022D1D581D00550462 /* Project object */;
}
